
Microsoft Visual Studio Solution File, Format Version 12.00
# Visual Studio 15
VisualStudioVersion = 15.0.28307.572
MinimumVisualStudioVersion = 10.0.40219.1
Project("{FAE04EC0-301F-11D3-BF4B-00C04F79EFBC}") = "TabMate-Rebinder-WPF", "TabMate-Rebinder-WPF\TabMate-Rebinder-WPF.csproj", "{E5991C85-721E-42AE-B24D-FF7E9A71C740}"
EndProject
Project("{FAE04EC0-301F-11D3-BF4B-00C04F79EFBC}") = "Rebinder-Core", "Rebinder-Core\Rebinder-Core.csproj", "{A8D0C150-0048-439D-A295-A663FB9FBC47}"
EndProject
Project("{FAE04EC0-301F-11D3-BF4B-00C04F79EFBC}") = "Rebinder-Tester", "Rebinder-Tester\Rebinder-Tester.csproj", "{F782DE90-1095-478E-B669-C3033B829669}"
EndProject
Global
	GlobalSection(SolutionConfigurationPlatforms) = preSolution
		Debug|Any CPU = Debug|Any CPU
		Debug|ARM = Debug|ARM
		Debug|ARM64 = Debug|ARM64
		Debug|x64 = Debug|x64
		Debug|x86 = Debug|x86
		Release|Any CPU = Release|Any CPU
		Release|ARM = Release|ARM
		Release|ARM64 = Release|ARM64
		Release|x64 = Release|x64
		Release|x86 = Release|x86
	EndGlobalSection
	GlobalSection(ProjectConfigurationPlatforms) = postSolution
		{E5991C85-721E-42AE-B24D-FF7E9A71C740}.Debug|Any CPU.ActiveCfg = Debug|Any CPU
		{E5991C85-721E-42AE-B24D-FF7E9A71C740}.Debug|Any CPU.Build.0 = Debug|Any CPU
		{E5991C85-721E-42AE-B24D-FF7E9A71C740}.Debug|ARM.ActiveCfg = Debug|Any CPU
		{E5991C85-721E-42AE-B24D-FF7E9A71C740}.Debug|ARM.Build.0 = Debug|Any CPU
		{E5991C85-721E-42AE-B24D-FF7E9A71C740}.Debug|ARM64.ActiveCfg = Debug|Any CPU
		{E5991C85-721E-42AE-B24D-FF7E9A71C740}.Debug|ARM64.Build.0 = Debug|Any CPU
		{E5991C85-721E-42AE-B24D-FF7E9A71C740}.Debug|x64.ActiveCfg = Debug|Any CPU
		{E5991C85-721E-42AE-B24D-FF7E9A71C740}.Debug|x64.Build.0 = Debug|Any CPU
		{E5991C85-721E-42AE-B24D-FF7E9A71C740}.Debug|x86.ActiveCfg = Debug|Any CPU
		{E5991C85-721E-42AE-B24D-FF7E9A71C740}.Debug|x86.Build.0 = Debug|Any CPU
		{E5991C85-721E-42AE-B24D-FF7E9A71C740}.Release|Any CPU.ActiveCfg = Release|Any CPU
		{E5991C85-721E-42AE-B24D-FF7E9A71C740}.Release|Any CPU.Build.0 = Release|Any CPU
		{E5991C85-721E-42AE-B24D-FF7E9A71C740}.Release|ARM.ActiveCfg = Release|Any CPU
		{E5991C85-721E-42AE-B24D-FF7E9A71C740}.Release|ARM.Build.0 = Release|Any CPU
		{E5991C85-721E-42AE-B24D-FF7E9A71C740}.Release|ARM64.ActiveCfg = Release|Any CPU
		{E5991C85-721E-42AE-B24D-FF7E9A71C740}.Release|ARM64.Build.0 = Release|Any CPU
		{E5991C85-721E-42AE-B24D-FF7E9A71C740}.Release|x64.ActiveCfg = Release|Any CPU
		{E5991C85-721E-42AE-B24D-FF7E9A71C740}.Release|x64.Build.0 = Release|Any CPU
		{E5991C85-721E-42AE-B24D-FF7E9A71C740}.Release|x86.ActiveCfg = Release|Any CPU
		{E5991C85-721E-42AE-B24D-FF7E9A71C740}.Release|x86.Build.0 = Release|Any CPU
		{A8D0C150-0048-439D-A295-A663FB9FBC47}.Debug|Any CPU.ActiveCfg = Debug|Any CPU
		{A8D0C150-0048-439D-A295-A663FB9FBC47}.Debug|Any CPU.Build.0 = Debug|Any CPU
		{A8D0C150-0048-439D-A295-A663FB9FBC47}.Debug|ARM.ActiveCfg = Debug|Any CPU
		{A8D0C150-0048-439D-A295-A663FB9FBC47}.Debug|ARM.Build.0 = Debug|Any CPU
		{A8D0C150-0048-439D-A295-A663FB9FBC47}.Debug|ARM64.ActiveCfg = Debug|Any CPU
		{A8D0C150-0048-439D-A295-A663FB9FBC47}.Debug|ARM64.Build.0 = Debug|Any CPU
		{A8D0C150-0048-439D-A295-A663FB9FBC47}.Debug|x64.ActiveCfg = Debug|Any CPU
		{A8D0C150-0048-439D-A295-A663FB9FBC47}.Debug|x64.Build.0 = Debug|Any CPU
		{A8D0C150-0048-439D-A295-A663FB9FBC47}.Debug|x86.ActiveCfg = Debug|Any CPU
		{A8D0C150-0048-439D-A295-A663FB9FBC47}.Debug|x86.Build.0 = Debug|Any CPU
		{A8D0C150-0048-439D-A295-A663FB9FBC47}.Release|Any CPU.ActiveCfg = Release|Any CPU
		{A8D0C150-0048-439D-A295-A663FB9FBC47}.Release|Any CPU.Build.0 = Release|Any CPU
		{A8D0C150-0048-439D-A295-A663FB9FBC47}.Release|ARM.ActiveCfg = Release|Any CPU
		{A8D0C150-0048-439D-A295-A663FB9FBC47}.Release|ARM.Build.0 = Release|Any CPU
		{A8D0C150-0048-439D-A295-A663FB9FBC47}.Release|ARM64.ActiveCfg = Release|Any CPU
		{A8D0C150-0048-439D-A295-A663FB9FBC47}.Release|ARM64.Build.0 = Release|Any CPU
		{A8D0C150-0048-439D-A295-A663FB9FBC47}.Release|x64.ActiveCfg = Release|Any CPU
		{A8D0C150-0048-439D-A295-A663FB9FBC47}.Release|x64.Build.0 = Release|Any CPU
		{A8D0C150-0048-439D-A295-A663FB9FBC47}.Release|x86.ActiveCfg = Release|Any CPU
		{A8D0C150-0048-439D-A295-A663FB9FBC47}.Release|x86.Build.0 = Release|Any CPU
		{F782DE90-1095-478E-B669-C3033B829669}.Debug|Any CPU.ActiveCfg = Debug|Any CPU
		{F782DE90-1095-478E-B669-C3033B829669}.Debug|Any CPU.Build.0 = Debug|Any CPU
		{F782DE90-1095-478E-B669-C3033B829669}.Debug|ARM.ActiveCfg = Debug|Any CPU
		{F782DE90-1095-478E-B669-C3033B829669}.Debug|ARM.Build.0 = Debug|Any CPU
		{F782DE90-1095-478E-B669-C3033B829669}.Debug|ARM64.ActiveCfg = Debug|Any CPU
		{F782DE90-1095-478E-B669-C3033B829669}.Debug|ARM64.Build.0 = Debug|Any CPU
		{F782DE90-1095-478E-B669-C3033B829669}.Debug|x64.ActiveCfg = Debug|Any CPU
		{F782DE90-1095-478E-B669-C3033B829669}.Debug|x64.Build.0 = Debug|Any CPU
		{F782DE90-1095-478E-B669-C3033B829669}.Debug|x86.ActiveCfg = Debug|Any CPU
		{F782DE90-1095-478E-B669-C3033B829669}.Debug|x86.Build.0 = Debug|Any CPU
		{F782DE90-1095-478E-B669-C3033B829669}.Release|Any CPU.ActiveCfg = Release|Any CPU
		{F782DE90-1095-478E-B669-C3033B829669}.Release|Any CPU.Build.0 = Release|Any CPU
		{F782DE90-1095-478E-B669-C3033B829669}.Release|ARM.ActiveCfg = Release|Any CPU
		{F782DE90-1095-478E-B669-C3033B829669}.Release|ARM.Build.0 = Release|Any CPU
		{F782DE90-1095-478E-B669-C3033B829669}.Release|ARM64.ActiveCfg = Release|Any CPU
		{F782DE90-1095-478E-B669-C3033B829669}.Release|ARM64.Build.0 = Release|Any CPU
		{F782DE90-1095-478E-B669-C3033B829669}.Release|x64.ActiveCfg = Release|Any CPU
		{F782DE90-1095-478E-B669-C3033B829669}.Release|x64.Build.0 = Release|Any CPU
		{F782DE90-1095-478E-B669-C3033B829669}.Release|x86.ActiveCfg = Release|Any CPU
		{F782DE90-1095-478E-B669-C3033B829669}.Release|x86.Build.0 = Release|Any CPU
	EndGlobalSection
	GlobalSection(SolutionProperties) = preSolution
		HideSolutionNode = FALSE
	EndGlobalSection
	GlobalSection(ExtensibilityGlobals) = postSolution
		SolutionGuid = {D9895EDC-B835-4FFC-AB36-DCA6D5A37440}
	EndGlobalSection
EndGlobal
